// !$*UTF8*$!
{
	archiveVersion = 1;
	classes = {
	};
	objectVersion = 55;
	objects = {

/* Begin PBXBuildFile section */
		337711AD2698C1830098BCF5 /* RandomAppIdeasApp.swift in Sources */ = {isa = PBXBuildFile; fileRef = 337711AC2698C1830098BCF5 /* RandomAppIdeasApp.swift */; };
		337711AF2698C1830098BCF5 /* ContentView.swift in Sources */ = {isa = PBXBuildFile; fileRef = 337711AE2698C1830098BCF5 /* ContentView.swift */; };
		337711B12698C1840098BCF5 /* Assets.xcassets in Resources */ = {isa = PBXBuildFile; fileRef = 337711B02698C1840098BCF5 /* Assets.xcassets */; };
		337711B42698C1840098BCF5 /* Preview Assets.xcassets in Resources */ = {isa = PBXBuildFile; fileRef = 337711B32698C1840098BCF5 /* Preview Assets.xcassets */; };
		33ADB699269DFD5F006BE6F2 /* SeventyFiveEasyView.swift in Sources */ = {isa = PBXBuildFile; fileRef = 33ADB698269DFD5F006BE6F2 /* SeventyFiveEasyView.swift */; };
		33ADB69B269DFD75006BE6F2 /* TodayTomorrowSomedayView.swift in Sources */ = {isa = PBXBuildFile; fileRef = 33ADB69A269DFD75006BE6F2 /* TodayTomorrowSomedayView.swift */; };
/* End PBXBuildFile section */

/* Begin PBXFileReference section */
		337711A92698C1830098BCF5 /* RandomAppIdeas.app */ = {isa = PBXFileReference; explicitFileType = wrapper.application; includeInIndex = 0; path = RandomAppIdeas.app; sourceTree = BUILT_PRODUCTS_DIR; };
		337711AC2698C1830098BCF5 /* RandomAppIdeasApp.swift */ = {isa = PBXFileReference; lastKnownFileType = sourcecode.swift; path = RandomAppIdeasApp.swift; sourceTree = "<group>"; };
		337711AE2698C1830098BCF5 /* ContentView.swift */ = {isa = PBXFileReference; lastKnownFileType = sourcecode.swift; path = ContentView.swift; sourceTree = "<group>"; };
		337711B02698C1840098BCF5 /* Assets.xcassets */ = {isa = PBXFileReference; lastKnownFileType = folder.assetcatalog; path = Assets.xcassets; sourceTree = "<group>"; };
		337711B32698C1840098BCF5 /* Preview Assets.xcassets */ = {isa = PBXFileReference; lastKnownFileType = folder.assetcatalog; path = "Preview Assets.xcassets"; sourceTree = "<group>"; };
		33ADB698269DFD5F006BE6F2 /* SeventyFiveEasyView.swift */ = {isa = PBXFileReference; lastKnownFileType = sourcecode.swift; path = SeventyFiveEasyView.swift; sourceTree = "<group>"; };
		33ADB69A269DFD75006BE6F2 /* TodayTomorrowSomedayView.swift */ = {isa = PBXFileReference; lastKnownFileType = sourcecode.swift; path = TodayTomorrowSomedayView.swift; sourceTree = "<group>"; };
/* End PBXFileReference section */

/* Begin PBXFrameworksBuildPhase section */
		337711A62698C1830098BCF5 /* Frameworks */ = {
			isa = PBXFrameworksBuildPhase;
			buildActionMask = 2147483647;
			files = (
			);
			runOnlyForDeploymentPostprocessing = 0;
		};
/* End PBXFrameworksBuildPhase section */

/* Begin PBXGroup section */
		337711A02698C1830098BCF5 = {
			isa = PBXGroup;
			children = (
				337711AB2698C1830098BCF5 /* RandomAppIdeas */,
				337711AA2698C1830098BCF5 /* Products */,
			);
			sourceTree = "<group>";
		};
		337711AA2698C1830098BCF5 /* Products */ = {
			isa = PBXGroup;
			children = (
				337711A92698C1830098BCF5 /* RandomAppIdeas.app */,
			);
			name = Products;
			sourceTree = "<group>";
		};
		337711AB2698C1830098BCF5 /* RandomAppIdeas */ = {
			isa = PBXGroup;
			children = (
				33ADB697269DFD4F006BE6F2 /* 75 Easy */,
				337711BA2698C1880098BCF5 /* TodayTomorrowSomeday */,
				337711AC2698C1830098BCF5 /* RandomAppIdeasApp.swift */,
				337711AE2698C1830098BCF5 /* ContentView.swift */,
				337711B02698C1840098BCF5 /* Assets.xcassets */,
				337711B22698C1840098BCF5 /* Preview Content */,
			);
			path = RandomAppIdeas;
			sourceTree = "<group>";
		};
		337711B22698C1840098BCF5 /* Preview Content */ = {
			isa = PBXGroup;
			children = (
				337711B32698C1840098BCF5 /* Preview Assets.xcassets */,
			);
			path = "Preview Content";
			sourceTree = "<group>";
		};
		337711BA2698C1880098BCF5 /* TodayTomorrowSomeday */ = {
			isa = PBXGroup;
			children = (
				33ADB69A269DFD75006BE6F2 /* TodayTomorrowSomedayView.swift */,
			);
			path = TodayTomorrowSomeday;
			sourceTree = "<group>";
		};
		33ADB697269DFD4F006BE6F2 /* 75 Easy */ = {
			isa = PBXGroup;
			children = (
				33ADB698269DFD5F006BE6F2 /* SeventyFiveEasyView.swift */,
			);
			path = "75 Easy";
			sourceTree = "<group>";
		};
/* End PBXGroup section */

/* Begin PBXNativeTarget section */
		337711A82698C1830098BCF5 /* RandomAppIdeas */ = {
			isa = PBXNativeTarget;
			buildConfigurationList = 337711B72698C1840098BCF5 /* Build configuration list for PBXNativeTarget "RandomAppIdeas" */;
			buildPhases = (
				337711A52698C1830098BCF5 /* Sources */,
				337711A62698C1830098BCF5 /* Frameworks */,
				337711A72698C1830098BCF5 /* Resources */,
			);
			buildRules = (
			);
			dependencies = (
			);
			name = RandomAppIdeas;
			productName = RandomAppIdeas;
			productReference = 337711A92698C1830098BCF5 /* RandomAppIdeas.app */;
			productType = "com.apple.product-type.application";
		};
/* End PBXNativeTarget section */

/* Begin PBXProject section */
		337711A12698C1830098BCF5 /* Project object */ = {
			isa = PBXProject;
			attributes = {
				BuildIndependentTargetsInParallel = 1;
				LastSwiftUpdateCheck = 1300;
				LastUpgradeCheck = 1300;
				TargetAttributes = {
					337711A82698C1830098BCF5 = {
						CreatedOnToolsVersion = 13.0;
					};
				};
			};
			buildConfigurationList = 337711A42698C1830098BCF5 /* Build configuration list for PBXProject "RandomAppIdeas" */;
			compatibilityVersion = "Xcode 13.0";
			developmentRegion = en;
			hasScannedForEncodings = 0;
			knownRegions = (
				en,
				Base,
			);
			mainGroup = 337711A02698C1830098BCF5;
			productRefGroup = 337711AA2698C1830098BCF5 /* Products */;
			projectDirPath = "";
			projectRoot = "";
			targets = (
				337711A82698C1830098BCF5 /* RandomAppIdeas */,
			);
		};
/* End PBXProject section */

/* Begin PBXResourcesBuildPhase section */
		337711A72698C1830098BCF5 /* Resources */ = {
			isa = PBXResourcesBuildPhase;
			buildActionMask = 2147483647;
			files = (
				337711B42698C1840098BCF5 /* Preview Assets.xcassets in Resources */,
				337711B12698C1840098BCF5 /* Assets.xcassets in Resources */,
			);
			runOnlyForDeploymentPostprocessing = 0;
		};
/* End PBXResourcesBuildPhase section */

/* Begin PBXSourcesBuildPhase section */
		337711A52698C1830098BCF5 /* Sources */ = {
			isa = PBXSourcesBuildPhase;
			buildActionMask = 2147483647;
			files = (
				33ADB69B269DFD75006BE6F2 /* TodayTomorrowSomedayView.swift in Sources */,
				33ADB699269DFD5F006BE6F2 /* SeventyFiveEasyView.swift in Sources */,
				337711AF2698C1830098BCF5 /* ContentView.swift in Sources */,
				337711AD2698C1830098BCF5 /* RandomAppIdeasApp.swift in Sources */,
			);
			runOnlyForDeploymentPostprocessing = 0;
		};
/* End PBXSourcesBuildPhase section */

/* Begin XCBuildConfiguration section */
		337711B52698C1840098BCF5 /* Debug */ = {
			isa = XCBuildConfiguration;
			buildSettings = {
				ALWAYS_SEARCH_USER_PATHS = NO;
				CLANG_ANALYZER_NONNULL = YES;
				CLANG_ANALYZER_NUMBER_OBJECT_CONVERSION = YES_AGGRESSIVE;
				CLANG_CXX_LANGUAGE_STANDARD = "gnu++14";
				CLANG_CXX_LIBRARY = "libc++";
				CLANG_ENABLE_MODULES = YES;
				CLANG_ENABLE_OBJC_ARC = YES;
				CLANG_ENABLE_OBJC_WEAK = YES;
				CLANG_WARN_BLOCK_CAPTURE_AUTORELEASING = YES;
				CLANG_WARN_BOOL_CONVERSION = YES;
				CLANG_WARN_COMMA = YES;
				CLANG_WARN_CONSTANT_CONVERSION = YES;
				CLANG_WARN_DEPRECATED_OBJC_IMPLEMENTATIONS = YES;
				CLANG_WARN_DIRECT_OBJC_ISA_USAGE = YES_ERROR;
				CLANG_WARN_DOCUMENTATION_COMMENTS = YES;
				CLANG_WARN_EMPTY_BODY = YES;
				CLANG_WARN_ENUM_CONVERSION = YES;
				CLANG_WARN_INFINITE_RECURSION = YES;
				CLANG_WARN_INT_CONVERSION = YES;
				CLANG_WARN_NON_LITERAL_NULL_CONVERSION = YES;
				CLANG_WARN_OBJC_IMPLICIT_RETAIN_SELF = YES;
				CLANG_WARN_OBJC_LITERAL_CONVERSION = YES;
				CLANG_WARN_OBJC_ROOT_CLASS = YES_ERROR;
				CLANG_WARN_QUOTED_INCLUDE_IN_FRAMEWORK_HEADER = YES;
				CLANG_WARN_RANGE_LOOP_ANALYSIS = YES;
				CLANG_WARN_STRICT_PROTOTYPES = YES;
				CLANG_WARN_SUSPICIOUS_MOVE = YES;
				CLANG_WARN_UNGUARDED_AVAILABILITY = YES_AGGRESSIVE;
				CLANG_WARN_UNREACHABLE_CODE = YES;
				CLANG_WARN__DUPLICATE_METHOD_MATCH = YES;
				COPY_PHASE_STRIP = NO;
				DEBUG_INFORMATION_FORMAT = dwarf;
				ENABLE_STRICT_OBJC_MSGSEND = YES;
				ENABLE_TESTABILITY = YES;
				GCC_C_LANGUAGE_STANDARD = gnu11;
				GCC_DYNAMIC_NO_PIC = NO;
				GCC_NO_COMMON_BLOCKS = YES;
				GCC_OPTIMIZATION_LEVEL = 0;
				GCC_PREPROCESSOR_DEFINITIONS = (
					"DEBUG=1",
					"$(inherited)",
				);
				GCC_WARN_64_TO_32_BIT_CONVERSION = YES;
				GCC_WARN_ABOUT_RETURN_TYPE = YES_ERROR;
				GCC_WARN_UNDECLARED_SELECTOR = YES;
				GCC_WARN_UNINITIALIZED_AUTOS = YES_AGGRESSIVE;
				GCC_WARN_UNUSED_FUNCTION = YES;
				GCC_WARN_UNUSED_VARIABLE = YES;
				MACOSX_DEPLOYMENT_TARGET = 12.0;
				MTL_ENABLE_DEBUG_INFO = INCLUDE_SOURCE;
				MTL_FAST_MATH = YES;
				ONLY_ACTIVE_ARCH = YES;
				SDKROOT = macosx;
				SWIFT_ACTIVE_COMPILATION_CONDITIONS = DEBUG;
				SWIFT_OPTIMIZATION_LEVEL = "-Onone";
			};
			name = Debug;
		};
		337711B62698C1840098BCF5 /* Release */ = {
			isa = XCBuildConfiguration;
			buildSettings = {
				ALWAYS_SEARCH_USER_PATHS = NO;
				CLANG_ANALYZER_NONNULL = YES;
				CLANG_ANALYZER_NUMBER_OBJECT_CONVERSION = YES_AGGRESSIVE;
				CLANG_CXX_LANGUAGE_STANDARD = "gnu++14";
				CLANG_CXX_LIBRARY = "libc++";
				CLANG_ENABLE_MODULES = YES;
				CLANG_ENABLE_OBJC_ARC = YES;
				CLANG_ENABLE_OBJC_WEAK = YES;
				CLANG_WARN_BLOCK_CAPTURE_AUTORELEASING = YES;
				CLANG_WARN_BOOL_CONVERSION = YES;
				CLANG_WARN_COMMA = YES;
				CLANG_WARN_CONSTANT_CONVERSION = YES;
				CLANG_WARN_DEPRECATED_OBJC_IMPLEMENTATIONS = YES;
				CLANG_WARN_DIRECT_OBJC_ISA_USAGE = YES_ERROR;
				CLANG_WARN_DOCUMENTATION_COMMENTS = YES;
				CLANG_WARN_EMPTY_BODY = YES;
				CLANG_WARN_ENUM_CONVERSION = YES;
				CLANG_WARN_INFINITE_RECURSION = YES;
				CLANG_WARN_INT_CONVERSION = YES;
				CLANG_WARN_NON_LITERAL_NULL_CONVERSION = YES;
				CLANG_WARN_OBJC_IMPLICIT_RETAIN_SELF = YES;
				CLANG_WARN_OBJC_LITERAL_CONVERSION = YES;
				CLANG_WARN_OBJC_ROOT_CLASS = YES_ERROR;
				CLANG_WARN_QUOTED_INCLUDE_IN_FRAMEWORK_HEADER = YES;
				CLANG_WARN_RANGE_LOOP_ANALYSIS = YES;
				CLANG_WARN_STRICT_PROTOTYPES = YES;
				CLANG_WARN_SUSPICIOUS_MOVE = YES;
				CLANG_WARN_UNGUARDED_AVAILABILITY = YES_AGGRESSIVE;
				CLANG_WARN_UNREACHABLE_CODE = YES;
				CLANG_WARN__DUPLICATE_METHOD_MATCH = YES;
				COPY_PHASE_STRIP = NO;
				DEBUG_INFORMATION_FORMAT = "dwarf-with-dsym";
				ENABLE_NS_ASSERTIONS = NO;
				ENABLE_STRICT_OBJC_MSGSEND = YES;
				GCC_C_LANGUAGE_STANDARD = gnu11;
				GCC_NO_COMMON_BLOCKS = YES;
				GCC_WARN_64_TO_32_BIT_CONVERSION = YES;
				GCC_WARN_ABOUT_RETURN_TYPE = YES_ERROR;
				GCC_WARN_UNDECLARED_SELECTOR = YES;
				GCC_WARN_UNINITIALIZED_AUTOS = YES_AGGRESSIVE;
				GCC_WARN_UNUSED_FUNCTION = YES;
				GCC_WARN_UNUSED_VARIABLE = YES;
				MACOSX_DEPLOYMENT_TARGET = 12.0;
				MTL_ENABLE_DEBUG_INFO = NO;
				MTL_FAST_MATH = YES;
				SDKROOT = macosx;
				SWIFT_COMPILATION_MODE = wholemodule;
				SWIFT_OPTIMIZATION_LEVEL = "-O";
			};
			name = Release;
		};
		337711B82698C1840098BCF5 /* Debug */ = {
			isa = XCBuildConfiguration;
			buildSettings = {
				ASSETCATALOG_COMPILER_APPICON_NAME = AppIcon;
				ASSETCATALOG_COMPILER_GLOBAL_ACCENT_COLOR_NAME = AccentColor;
				CODE_SIGN_STYLE = Automatic;
				COMBINE_HIDPI_IMAGES = YES;
				CURRENT_PROJECT_VERSION = 1;
				DEVELOPMENT_ASSET_PATHS = "\"RandomAppIdeas/Preview Content\"";
				DEVELOPMENT_TEAM = G6E6N7P5UN;
				ENABLE_APP_SANDBOX = YES;
				ENABLE_HARDENED_RUNTIME = YES;
				ENABLE_PREVIEWS = YES;
				ENABLE_USER_SELECTED_FILES = readonly;
				GENERATE_INFOPLIST_FILE = YES;
				INFOPLIST_KEY_NSHumanReadableCopyright = "";
				LD_RUNPATH_SEARCH_PATHS = (
					"$(inherited)",
					"@executable_path/../Frameworks",
				);
				MACOSX_DEPLOYMENT_TARGET = 12.0;
				MARKETING_VERSION = 1.0;
				PRODUCT_BUNDLE_IDENTIFIER = com.jordanMorgan.RandomAppIdeas;
				PRODUCT_NAME = "$(TARGET_NAME)";
				SWIFT_EMIT_LOC_STRINGS = YES;
				SWIFT_VERSION = 5.0;
			};
			name = Debug;
		};
		337711B92698C1840098BCF5 /* Release */ = {
			isa = XCBuildConfiguration;
			buildSettings = {
				ASSETCATALOG_COMPILER_APPICON_NAME = AppIcon;
				ASSETCATALOG_COMPILER_GLOBAL_ACCENT_COLOR_NAME = AccentColor;
				CODE_SIGN_STYLE = Automatic;
				COMBINE_HIDPI_IMAGES = YES;
				CURRENT_PROJECT_VERSION = 1;
				DEVELOPMENT_ASSET_PATHS = "\"RandomAppIdeas/Preview Content\"";
				DEVELOPMENT_TEAM = G6E6N7P5UN;
				ENABLE_APP_SANDBOX = YES;
				ENABLE_HARDENED_RUNTIME = YES;
				ENABLE_PREVIEWS = YES;
				ENABLE_USER_SELECTED_FILES = readonly;
				GENERATE_INFOPLIST_FILE = YES;
				INFOPLIST_KEY_NSHumanReadableCopyright = "";
				LD_RUNPATH_SEARCH_PATHS = (
					"$(inherited)",
					"@executable_path/../Frameworks",
				);
				MACOSX_DEPLOYMENT_TARGET = 12.0;
				MARKETING_VERSION = 1.0;
				PRODUCT_BUNDLE_IDENTIFIER = com.jordanMorgan.RandomAppIdeas;
				PRODUCT_NAME = "$(TARGET_NAME)";
				SWIFT_EMIT_LOC_STRINGS = YES;
				SWIFT_VERSION = 5.0;
			};
			name = Release;
		};
/* End XCBuildConfiguration section */

/* Begin XCConfigurationList section */
		337711A42698C1830098BCF5 /* Build configuration list for PBXProject "RandomAppIdeas" */ = {
			isa = XCConfigurationList;
			buildConfigurations = (
				337711B52698C1840098BCF5 /* Debug */,
				337711B62698C1840098BCF5 /* Release */,
			);
			defaultConfigurationIsVisible = 0;
			defaultConfigurationName = Release;
		};
		337711B72698C1840098BCF5 /* Build configuration list for PBXNativeTarget "RandomAppIdeas" */ = {
			isa = XCConfigurationList;
			buildConfigurations = (
				337711B82698C1840098BCF5 /* Debug */,
				337711B92698C1840098BCF5 /* Release */,
			);
			defaultConfigurationIsVisible = 0;
			defaultConfigurationName = Release;
		};
/* End XCConfigurationList section */
	};
	rootObject = 337711A12698C1830098BCF5 /* Project object */;
}
